// !$*UTF8*$!
{
	archiveVersion = 1;
	classes = {
	};
	objectVersion = 55;
	objects = {

/* Begin PBXBuildFile section */
		7EE17102279CE31C00D62038 /* AppDelegate.swift in Sources */ = {isa = PBXBuildFile; fileRef = 7EE17101279CE31C00D62038 /* AppDelegate.swift */; };
		7EE17104279CE31C00D62038 /* SceneDelegate.swift in Sources */ = {isa = PBXBuildFile; fileRef = 7EE17103279CE31C00D62038 /* SceneDelegate.swift */; };
		7EE17106279CE31C00D62038 /* ViewController.swift in Sources */ = {isa = PBXBuildFile; fileRef = 7EE17105279CE31C00D62038 /* ViewController.swift */; };
		7EE17109279CE31C00D62038 /* Main.storyboard in Resources */ = {isa = PBXBuildFile; fileRef = 7EE17107279CE31C00D62038 /* Main.storyboard */; };
		7EE1710B279CE31E00D62038 /* Assets.xcassets in Resources */ = {isa = PBXBuildFile; fileRef = 7EE1710A279CE31E00D62038 /* Assets.xcassets */; };
		7EE1710E279CE31E00D62038 /* LaunchScreen.storyboard in Resources */ = {isa = PBXBuildFile; fileRef = 7EE1710C279CE31E00D62038 /* LaunchScreen.storyboard */; };
		7EE17119279CE31F00D62038 /* You_Are_AdequateTests.swift in Sources */ = {isa = PBXBuildFile; fileRef = 7EE17118279CE31F00D62038 /* You_Are_AdequateTests.swift */; };
		7EE17123279CE31F00D62038 /* You_Are_AdequateUITests.swift in Sources */ = {isa = PBXBuildFile; fileRef = 7EE17122279CE31F00D62038 /* You_Are_AdequateUITests.swift */; };
		7EE17125279CE31F00D62038 /* You_Are_AdequateUITestsLaunchTests.swift in Sources */ = {isa = PBXBuildFile; fileRef = 7EE17124279CE31F00D62038 /* You_Are_AdequateUITestsLaunchTests.swift */; };
/* End PBXBuildFile section */

/* Begin PBXContainerItemProxy section */
		7EE17115279CE31F00D62038 /* PBXContainerItemProxy */ = {
			isa = PBXContainerItemProxy;
			containerPortal = 7EE170F6279CE31C00D62038 /* Project object */;
			proxyType = 1;
			remoteGlobalIDString = 7EE170FD279CE31C00D62038;
			remoteInfo = "You-Are_Adequate";
		};
		7EE1711F279CE31F00D62038 /* PBXContainerItemProxy */ = {
			isa = PBXContainerItemProxy;
			containerPortal = 7EE170F6279CE31C00D62038 /* Project object */;
			proxyType = 1;
			remoteGlobalIDString = 7EE170FD279CE31C00D62038;
			remoteInfo = "You-Are_Adequate";
		};
/* End PBXContainerItemProxy section */

/* Begin PBXFileReference section */
		7EE170FE279CE31C00D62038 /* You-Are_Adequate.app */ = {isa = PBXFileReference; explicitFileType = wrapper.application; includeInIndex = 0; path = "You-Are_Adequate.app"; sourceTree = BUILT_PRODUCTS_DIR; };
		7EE17101279CE31C00D62038 /* AppDelegate.swift */ = {isa = PBXFileReference; lastKnownFileType = sourcecode.swift; path = AppDelegate.swift; sourceTree = "<group>"; };
		7EE17103279CE31C00D62038 /* SceneDelegate.swift */ = {isa = PBXFileReference; lastKnownFileType = sourcecode.swift; path = SceneDelegate.swift; sourceTree = "<group>"; };
		7EE17105279CE31C00D62038 /* ViewController.swift */ = {isa = PBXFileReference; lastKnownFileType = sourcecode.swift; path = ViewController.swift; sourceTree = "<group>"; };
		7EE17108279CE31C00D62038 /* Base */ = {isa = PBXFileReference; lastKnownFileType = file.storyboard; name = Base; path = Base.lproj/Main.storyboard; sourceTree = "<group>"; };
		7EE1710A279CE31E00D62038 /* Assets.xcassets */ = {isa = PBXFileReference; lastKnownFileType = folder.assetcatalog; path = Assets.xcassets; sourceTree = "<group>"; };
		7EE1710D279CE31E00D62038 /* Base */ = {isa = PBXFileReference; lastKnownFileType = file.storyboard; name = Base; path = Base.lproj/LaunchScreen.storyboard; sourceTree = "<group>"; };
		7EE1710F279CE31E00D62038 /* Info.plist */ = {isa = PBXFileReference; lastKnownFileType = text.plist.xml; path = Info.plist; sourceTree = "<group>"; };
		7EE17114279CE31F00D62038 /* You-Are_AdequateTests.xctest */ = {isa = PBXFileReference; explicitFileType = wrapper.cfbundle; includeInIndex = 0; path = "You-Are_AdequateTests.xctest"; sourceTree = BUILT_PRODUCTS_DIR; };
		7EE17118279CE31F00D62038 /* You_Are_AdequateTests.swift */ = {isa = PBXFileReference; lastKnownFileType = sourcecode.swift; path = You_Are_AdequateTests.swift; sourceTree = "<group>"; };
		7EE1711E279CE31F00D62038 /* You-Are_AdequateUITests.xctest */ = {isa = PBXFileReference; explicitFileType = wrapper.cfbundle; includeInIndex = 0; path = "You-Are_AdequateUITests.xctest"; sourceTree = BUILT_PRODUCTS_DIR; };
		7EE17122279CE31F00D62038 /* You_Are_AdequateUITests.swift */ = {isa = PBXFileReference; lastKnownFileType = sourcecode.swift; path = You_Are_AdequateUITests.swift; sourceTree = "<group>"; };
		7EE17124279CE31F00D62038 /* You_Are_AdequateUITestsLaunchTests.swift */ = {isa = PBXFileReference; lastKnownFileType = sourcecode.swift; path = You_Are_AdequateUITestsLaunchTests.swift; sourceTree = "<group>"; };
/* End PBXFileReference section */

/* Begin PBXFrameworksBuildPhase section */
		7EE170FB279CE31C00D62038 /* Frameworks */ = {
			isa = PBXFrameworksBuildPhase;
			buildActionMask = 2147483647;
			files = (
			);
			runOnlyForDeploymentPostprocessing = 0;
		};
		7EE17111279CE31F00D62038 /* Frameworks */ = {
			isa = PBXFrameworksBuildPhase;
			buildActionMask = 2147483647;
			files = (
			);
			runOnlyForDeploymentPostprocessing = 0;
		};
		7EE1711B279CE31F00D62038 /* Frameworks */ = {
			isa = PBXFrameworksBuildPhase;
			buildActionMask = 2147483647;
			files = (
			);
			runOnlyForDeploymentPostprocessing = 0;
		};
/* End PBXFrameworksBuildPhase section */

/* Begin PBXGroup section */
		7EE170F5279CE31C00D62038 = {
			isa = PBXGroup;
			children = (
				7EE17100279CE31C00D62038 /* You-Are_Adequate */,
				7EE17117279CE31F00D62038 /* You-Are_AdequateTests */,
				7EE17121279CE31F00D62038 /* You-Are_AdequateUITests */,
				7EE170FF279CE31C00D62038 /* Products */,
			);
			sourceTree = "<group>";
		};
		7EE170FF279CE31C00D62038 /* Products */ = {
			isa = PBXGroup;
			children = (
				7EE170FE279CE31C00D62038 /* You-Are_Adequate.app */,
				7EE17114279CE31F00D62038 /* You-Are_AdequateTests.xctest */,
				7EE1711E279CE31F00D62038 /* You-Are_AdequateUITests.xctest */,
			);
			name = Products;
			sourceTree = "<group>";
		};
		7EE17100279CE31C00D62038 /* You-Are_Adequate */ = {
			isa = PBXGroup;
			children = (
				7EE17101279CE31C00D62038 /* AppDelegate.swift */,
				7EE17103279CE31C00D62038 /* SceneDelegate.swift */,
				7EE17105279CE31C00D62038 /* ViewController.swift */,
				7EE17107279CE31C00D62038 /* Main.storyboard */,
				7EE1710A279CE31E00D62038 /* Assets.xcassets */,
				7EE1710C279CE31E00D62038 /* LaunchScreen.storyboard */,
				7EE1710F279CE31E00D62038 /* Info.plist */,
			);
			path = "You-Are_Adequate";
			sourceTree = "<group>";
		};
		7EE17117279CE31F00D62038 /* You-Are_AdequateTests */ = {
			isa = PBXGroup;
			children = (
				7EE17118279CE31F00D62038 /* You_Are_AdequateTests.swift */,
			);
			path = "You-Are_AdequateTests";
			sourceTree = "<group>";
		};
		7EE17121279CE31F00D62038 /* You-Are_AdequateUITests */ = {
			isa = PBXGroup;
			children = (
				7EE17122279CE31F00D62038 /* You_Are_AdequateUITests.swift */,
				7EE17124279CE31F00D62038 /* You_Are_AdequateUITestsLaunchTests.swift */,
			);
			path = "You-Are_AdequateUITests";
			sourceTree = "<group>";
		};
/* End PBXGroup section */

/* Begin PBXNativeTarget section */
		7EE170FD279CE31C00D62038 /* You-Are_Adequate */ = {
			isa = PBXNativeTarget;
			buildConfigurationList = 7EE17128279CE31F00D62038 /* Build configuration list for PBXNativeTarget "You-Are_Adequate" */;
			buildPhases = (
				7EE170FA279CE31C00D62038 /* Sources */,
				7EE170FB279CE31C00D62038 /* Frameworks */,
				7EE170FC279CE31C00D62038 /* Resources */,
			);
			buildRules = (
			);
			dependencies = (
			);
			name = "You-Are_Adequate";
			productName = "You-Are_Adequate";
			productReference = 7EE170FE279CE31C00D62038 /* You-Are_Adequate.app */;
			productType = "com.apple.product-type.application";
		};
		7EE17113279CE31F00D62038 /* You-Are_AdequateTests */ = {
			isa = PBXNativeTarget;
			buildConfigurationList = 7EE1712B279CE31F00D62038 /* Build configuration list for PBXNativeTarget "You-Are_AdequateTests" */;
			buildPhases = (
				7EE17110279CE31F00D62038 /* Sources */,
				7EE17111279CE31F00D62038 /* Frameworks */,
				7EE17112279CE31F00D62038 /* Resources */,
			);
			buildRules = (
			);
			dependencies = (
				7EE17116279CE31F00D62038 /* PBXTargetDependency */,
			);
			name = "You-Are_AdequateTests";
			productName = "You-Are_AdequateTests";
			productReference = 7EE17114279CE31F00D62038 /* You-Are_AdequateTests.xctest */;
			productType = "com.apple.product-type.bundle.unit-test";
		};
		7EE1711D279CE31F00D62038 /* You-Are_AdequateUITests */ = {
			isa = PBXNativeTarget;
			buildConfigurationList = 7EE1712E279CE31F00D62038 /* Build configuration list for PBXNativeTarget "You-Are_AdequateUITests" */;
			buildPhases = (
				7EE1711A279CE31F00D62038 /* Sources */,
				7EE1711B279CE31F00D62038 /* Frameworks */,
				7EE1711C279CE31F00D62038 /* Resources */,
			);
			buildRules = (
			);
			dependencies = (
				7EE17120279CE31F00D62038 /* PBXTargetDependency */,
			);
			name = "You-Are_AdequateUITests";
			productName = "You-Are_AdequateUITests";
			productReference = 7EE1711E279CE31F00D62038 /* You-Are_AdequateUITests.xctest */;
			productType = "com.apple.product-type.bundle.ui-testing";
		};
/* End PBXNativeTarget section */

/* Begin PBXProject section */
		7EE170F6279CE31C00D62038 /* Project object */ = {
			isa = PBXProject;
			attributes = {
				BuildIndependentTargetsInParallel = 1;
				LastSwiftUpdateCheck = 1320;
				LastUpgradeCheck = 1320;
				TargetAttributes = {
					7EE170FD279CE31C00D62038 = {
						CreatedOnToolsVersion = 13.2.1;
					};
					7EE17113279CE31F00D62038 = {
						CreatedOnToolsVersion = 13.2.1;
						TestTargetID = 7EE170FD279CE31C00D62038;
					};
					7EE1711D279CE31F00D62038 = {
						CreatedOnToolsVersion = 13.2.1;
						TestTargetID = 7EE170FD279CE31C00D62038;
					};
				};
			};
			buildConfigurationList = 7EE170F9279CE31C00D62038 /* Build configuration list for PBXProject "You-Are_Adequate" */;
			compatibilityVersion = "Xcode 13.0";
			developmentRegion = en;
			hasScannedForEncodings = 0;
			knownRegions = (
				en,
				Base,
			);
			mainGroup = 7EE170F5279CE31C00D62038;
			productRefGroup = 7EE170FF279CE31C00D62038 /* Products */;
			projectDirPath = "";
			projectRoot = "";
			targets = (
				7EE170FD279CE31C00D62038 /* You-Are_Adequate */,
				7EE17113279CE31F00D62038 /* You-Are_AdequateTests */,
				7EE1711D279CE31F00D62038 /* You-Are_AdequateUITests */,
			);
		};
/* End PBXProject section */

/* Begin PBXResourcesBuildPhase section */
		7EE170FC279CE31C00D62038 /* Resources */ = {
			isa = PBXResourcesBuildPhase;
			buildActionMask = 2147483647;
			files = (
				7EE1710E279CE31E00D62038 /* LaunchScreen.storyboard in Resources */,
				7EE1710B279CE31E00D62038 /* Assets.xcassets in Resources */,
				7EE17109279CE31C00D62038 /* Main.storyboard in Resources */,
			);
			runOnlyForDeploymentPostprocessing = 0;
		};
		7EE17112279CE31F00D62038 /* Resources */ = {
			isa = PBXResourcesBuildPhase;
			buildActionMask = 2147483647;
			files = (
			);
			runOnlyForDeploymentPostprocessing = 0;
		};
		7EE1711C279CE31F00D62038 /* Resources */ = {
			isa = PBXResourcesBuildPhase;
			buildActionMask = 2147483647;
			files = (
			);
			runOnlyForDeploymentPostprocessing = 0;
		};
/* End PBXResourcesBuildPhase section */

/* Begin PBXSourcesBuildPhase section */
		7EE170FA279CE31C00D62038 /* Sources */ = {
			isa = PBXSourcesBuildPhase;
			buildActionMask = 2147483647;
			files = (
				7EE17106279CE31C00D62038 /* ViewController.swift in Sources */,
				7EE17102279CE31C00D62038 /* AppDelegate.swift in Sources */,
				7EE17104279CE31C00D62038 /* SceneDelegate.swift in Sources */,
			);
			runOnlyForDeploymentPostprocessing = 0;
		};
		7EE17110279CE31F00D62038 /* Sources */ = {
			isa = PBXSourcesBuildPhase;
			buildActionMask = 2147483647;
			files = (
				7EE17119279CE31F00D62038 /* You_Are_AdequateTests.swift in Sources */,
			);
			runOnlyForDeploymentPostprocessing = 0;
		};
		7EE1711A279CE31F00D62038 /* Sources */ = {
			isa = PBXSourcesBuildPhase;
			buildActionMask = 2147483647;
			files = (
				7EE17123279CE31F00D62038 /* You_Are_AdequateUITests.swift in Sources */,
				7EE17125279CE31F00D62038 /* You_Are_AdequateUITestsLaunchTests.swift in Sources */,
			);
			runOnlyForDeploymentPostprocessing = 0;
		};
/* End PBXSourcesBuildPhase section */

/* Begin PBXTargetDependency section */
		7EE17116279CE31F00D62038 /* PBXTargetDependency */ = {
			isa = PBXTargetDependency;
			target = 7EE170FD279CE31C00D62038 /* You-Are_Adequate */;
			targetProxy = 7EE17115279CE31F00D62038 /* PBXContainerItemProxy */;
		};
		7EE17120279CE31F00D62038 /* PBXTargetDependency */ = {
			isa = PBXTargetDependency;
			target = 7EE170FD279CE31C00D62038 /* You-Are_Adequate */;
			targetProxy = 7EE1711F279CE31F00D62038 /* PBXContainerItemProxy */;
		};
/* End PBXTargetDependency section */

/* Begin PBXVariantGroup section */
		7EE17107279CE31C00D62038 /* Main.storyboard */ = {
			isa = PBXVariantGroup;
			children = (
				7EE17108279CE31C00D62038 /* Base */,
			);
			name = Main.storyboard;
			sourceTree = "<group>";
		};
		7EE1710C279CE31E00D62038 /* LaunchScreen.storyboard */ = {
			isa = PBXVariantGroup;
			children = (
				7EE1710D279CE31E00D62038 /* Base */,
			);
			name = LaunchScreen.storyboard;
			sourceTree = "<group>";
		};
/* End PBXVariantGroup section */

/* Begin XCBuildConfiguration section */
		7EE17126279CE31F00D62038 /* Debug */ = {
			isa = XCBuildConfiguration;
			buildSettings = {
				ALWAYS_SEARCH_USER_PATHS = NO;
				CLANG_ANALYZER_NONNULL = YES;
				CLANG_ANALYZER_NUMBER_OBJECT_CONVERSION = YES_AGGRESSIVE;
				CLANG_CXX_LANGUAGE_STANDARD = "gnu++17";
				CLANG_CXX_LIBRARY = "libc++";
				CLANG_ENABLE_MODULES = YES;
				CLANG_ENABLE_OBJC_ARC = YES;
				CLANG_ENABLE_OBJC_WEAK = YES;
				CLANG_WARN_BLOCK_CAPTURE_AUTORELEASING = YES;
				CLANG_WARN_BOOL_CONVERSION = YES;
				CLANG_WARN_COMMA = YES;
				CLANG_WARN_CONSTANT_CONVERSION = YES;
				CLANG_WARN_DEPRECATED_OBJC_IMPLEMENTATIONS = YES;
				CLANG_WARN_DIRECT_OBJC_ISA_USAGE = YES_ERROR;
				CLANG_WARN_DOCUMENTATION_COMMENTS = YES;
				CLANG_WARN_EMPTY_BODY = YES;
				CLANG_WARN_ENUM_CONVERSION = YES;
				CLANG_WARN_INFINITE_RECURSION = YES;
				CLANG_WARN_INT_CONVERSION = YES;
				CLANG_WARN_NON_LITERAL_NULL_CONVERSION = YES;
				CLANG_WARN_OBJC_IMPLICIT_RETAIN_SELF = YES;
				CLANG_WARN_OBJC_LITERAL_CONVERSION = YES;
				CLANG_WARN_OBJC_ROOT_CLASS = YES_ERROR;
				CLANG_WARN_QUOTED_INCLUDE_IN_FRAMEWORK_HEADER = YES;
				CLANG_WARN_RANGE_LOOP_ANALYSIS = YES;
				CLANG_WARN_STRICT_PROTOTYPES = YES;
				CLANG_WARN_SUSPICIOUS_MOVE = YES;
				CLANG_WARN_UNGUARDED_AVAILABILITY = YES_AGGRESSIVE;
				CLANG_WARN_UNREACHABLE_CODE = YES;
				CLANG_WARN__DUPLICATE_METHOD_MATCH = YES;
				COPY_PHASE_STRIP = NO;
				DEBUG_INFORMATION_FORMAT = dwarf;
				ENABLE_STRICT_OBJC_MSGSEND = YES;
				ENABLE_TESTABILITY = YES;
				GCC_C_LANGUAGE_STANDARD = gnu11;
				GCC_DYNAMIC_NO_PIC = NO;
				GCC_NO_COMMON_BLOCKS = YES;
				GCC_OPTIMIZATION_LEVEL = 0;
				GCC_PREPROCESSOR_DEFINITIONS = (
					"DEBUG=1",
					"$(inherited)",
				);
				GCC_WARN_64_TO_32_BIT_CONVERSION = YES;
				GCC_WARN_ABOUT_RETURN_TYPE = YES_ERROR;
				GCC_WARN_UNDECLARED_SELECTOR = YES;
				GCC_WARN_UNINITIALIZED_AUTOS = YES_AGGRESSIVE;
				GCC_WARN_UNUSED_FUNCTION = YES;
				GCC_WARN_UNUSED_VARIABLE = YES;
				IPHONEOS_DEPLOYMENT_TARGET = 15.2;
				MTL_ENABLE_DEBUG_INFO = INCLUDE_SOURCE;
				MTL_FAST_MATH = YES;
				ONLY_ACTIVE_ARCH = YES;
				SDKROOT = iphoneos;
				SWIFT_ACTIVE_COMPILATION_CONDITIONS = DEBUG;
				SWIFT_OPTIMIZATION_LEVEL = "-Onone";
			};
			name = Debug;
		};
		7EE17127279CE31F00D62038 /* Release */ = {
			isa = XCBuildConfiguration;
			buildSettings = {
				ALWAYS_SEARCH_USER_PATHS = NO;
				CLANG_ANALYZER_NONNULL = YES;
				CLANG_ANALYZER_NUMBER_OBJECT_CONVERSION = YES_AGGRESSIVE;
				CLANG_CXX_LANGUAGE_STANDARD = "gnu++17";
				CLANG_CXX_LIBRARY = "libc++";
				CLANG_ENABLE_MODULES = YES;
				CLANG_ENABLE_OBJC_ARC = YES;
				CLANG_ENABLE_OBJC_WEAK = YES;
				CLANG_WARN_BLOCK_CAPTURE_AUTORELEASING = YES;
				CLANG_WARN_BOOL_CONVERSION = YES;
				CLANG_WARN_COMMA = YES;
				CLANG_WARN_CONSTANT_CONVERSION = YES;
				CLANG_WARN_DEPRECATED_OBJC_IMPLEMENTATIONS = YES;
				CLANG_WARN_DIRECT_OBJC_ISA_USAGE = YES_ERROR;
				CLANG_WARN_DOCUMENTATION_COMMENTS = YES;
				CLANG_WARN_EMPTY_BODY = YES;
				CLANG_WARN_ENUM_CONVERSION = YES;
				CLANG_WARN_INFINITE_RECURSION = YES;
				CLANG_WARN_INT_CONVERSION = YES;
				CLANG_WARN_NON_LITERAL_NULL_CONVERSION = YES;
				CLANG_WARN_OBJC_IMPLICIT_RETAIN_SELF = YES;
				CLANG_WARN_OBJC_LITERAL_CONVERSION = YES;
				CLANG_WARN_OBJC_ROOT_CLASS = YES_ERROR;
				CLANG_WARN_QUOTED_INCLUDE_IN_FRAMEWORK_HEADER = YES;
				CLANG_WARN_RANGE_LOOP_ANALYSIS = YES;
				CLANG_WARN_STRICT_PROTOTYPES = YES;
				CLANG_WARN_SUSPICIOUS_MOVE = YES;
				CLANG_WARN_UNGUARDED_AVAILABILITY = YES_AGGRESSIVE;
				CLANG_WARN_UNREACHABLE_CODE = YES;
				CLANG_WARN__DUPLICATE_METHOD_MATCH = YES;
				COPY_PHASE_STRIP = NO;
				DEBUG_INFORMATION_FORMAT = "dwarf-with-dsym";
				ENABLE_NS_ASSERTIONS = NO;
				ENABLE_STRICT_OBJC_MSGSEND = YES;
				GCC_C_LANGUAGE_STANDARD = gnu11;
				GCC_NO_COMMON_BLOCKS = YES;
				GCC_WARN_64_TO_32_BIT_CONVERSION = YES;
				GCC_WARN_ABOUT_RETURN_TYPE = YES_ERROR;
				GCC_WARN_UNDECLARED_SELECTOR = YES;
				GCC_WARN_UNINITIALIZED_AUTOS = YES_AGGRESSIVE;
				GCC_WARN_UNUSED_FUNCTION = YES;
				GCC_WARN_UNUSED_VARIABLE = YES;
				IPHONEOS_DEPLOYMENT_TARGET = 15.2;
				MTL_ENABLE_DEBUG_INFO = NO;
				MTL_FAST_MATH = YES;
				SDKROOT = iphoneos;
				SWIFT_COMPILATION_MODE = wholemodule;
				SWIFT_OPTIMIZATION_LEVEL = "-O";
				VALIDATE_PRODUCT = YES;
			};
			name = Release;
		};
		7EE17129279CE31F00D62038 /* Debug */ = {
			isa = XCBuildConfiguration;
			buildSettings = {
				ASSETCATALOG_COMPILER_APPICON_NAME = AppIcon;
				ASSETCATALOG_COMPILER_GLOBAL_ACCENT_COLOR_NAME = AccentColor;
				CODE_SIGN_STYLE = Automatic;
				CURRENT_PROJECT_VERSION = 1;
				DEVELOPMENT_TEAM = XG63X4789T;
				GENERATE_INFOPLIST_FILE = YES;
				INFOPLIST_FILE = "You-Are_Adequate/Info.plist";
				INFOPLIST_KEY_UIApplicationSupportsIndirectInputEvents = YES;
				INFOPLIST_KEY_UILaunchStoryboardName = LaunchScreen;
				INFOPLIST_KEY_UIMainStoryboardFile = Main;
				INFOPLIST_KEY_UISupportedInterfaceOrientations_iPad = "UIInterfaceOrientationPortrait UIInterfaceOrientationPortraitUpsideDown UIInterfaceOrientationLandscapeLeft UIInterfaceOrientationLandscapeRight";
				INFOPLIST_KEY_UISupportedInterfaceOrientations_iPhone = "UIInterfaceOrientationPortrait UIInterfaceOrientationLandscapeLeft UIInterfaceOrientationLandscapeRight";
				LD_RUNPATH_SEARCH_PATHS = (
					"$(inherited)",
					"@executable_path/Frameworks",
				);
				MARKETING_VERSION = 1.0;
				PRODUCT_BUNDLE_IDENTIFIER = "com.Oliverio.You-Are-Adequate";
				PRODUCT_NAME = "$(TARGET_NAME)";
				SWIFT_EMIT_LOC_STRINGS = YES;
				SWIFT_VERSION = 5.0;
				TARGETED_DEVICE_FAMILY = "1,2";
			};
			name = Debug;
		};
		7EE1712A279CE31F00D62038 /* Release */ = {
			isa = XCBuildConfiguration;
			buildSettings = {
				ASSETCATALOG_COMPILER_APPICON_NAME = AppIcon;
				ASSETCATALOG_COMPILER_GLOBAL_ACCENT_COLOR_NAME = AccentColor;
				CODE_SIGN_STYLE = Automatic;
				CURRENT_PROJECT_VERSION = 1;
				DEVELOPMENT_TEAM = XG63X4789T;
				GENERATE_INFOPLIST_FILE = YES;
				INFOPLIST_FILE = "You-Are_Adequate/Info.plist";
				INFOPLIST_KEY_UIApplicationSupportsIndirectInputEvents = YES;
				INFOPLIST_KEY_UILaunchStoryboardName = LaunchScreen;
				INFOPLIST_KEY_UIMainStoryboardFile = Main;
				INFOPLIST_KEY_UISupportedInterfaceOrientations_iPad = "UIInterfaceOrientationPortrait UIInterfaceOrientationPortraitUpsideDown UIInterfaceOrientationLandscapeLeft UIInterfaceOrientationLandscapeRight";
				INFOPLIST_KEY_UISupportedInterfaceOrientations_iPhone = "UIInterfaceOrientationPortrait UIInterfaceOrientationLandscapeLeft UIInterfaceOrientationLandscapeRight";
				LD_RUNPATH_SEARCH_PATHS = (
					"$(inherited)",
					"@executable_path/Frameworks",
				);
				MARKETING_VERSION = 1.0;
				PRODUCT_BUNDLE_IDENTIFIER = "com.Oliverio.You-Are-Adequate";
				PRODUCT_NAME = "$(TARGET_NAME)";
				SWIFT_EMIT_LOC_STRINGS = YES;
				SWIFT_VERSION = 5.0;
				TARGETED_DEVICE_FAMILY = "1,2";
			};
			name = Release;
		};
		7EE1712C279CE31F00D62038 /* Debug */ = {
			isa = XCBuildConfiguration;
			buildSettings = {
				ALWAYS_EMBED_SWIFT_STANDARD_LIBRARIES = YES;
				BUNDLE_LOADER = "$(TEST_HOST)";
				CODE_SIGN_STYLE = Automatic;
				CURRENT_PROJECT_VERSION = 1;
				DEVELOPMENT_TEAM = XG63X4789T;
				GENERATE_INFOPLIST_FILE = YES;
				IPHONEOS_DEPLOYMENT_TARGET = 15.2;
				MARKETING_VERSION = 1.0;
				PRODUCT_BUNDLE_IDENTIFIER = "com.Oliverio.You-Are-AdequateTests";
				PRODUCT_NAME = "$(TARGET_NAME)";
				SWIFT_EMIT_LOC_STRINGS = NO;
				SWIFT_VERSION = 5.0;
				TARGETED_DEVICE_FAMILY = "1,2";
				TEST_HOST = "$(BUILT_PRODUCTS_DIR)/You-Are_Adequate.app/You-Are_Adequate";
			};
			name = Debug;
		};
		7EE1712D279CE31F00D62038 /* Release */ = {
			isa = XCBuildConfiguration;
			buildSettings = {
				ALWAYS_EMBED_SWIFT_STANDARD_LIBRARIES = YES;
				BUNDLE_LOADER = "$(TEST_HOST)";
				CODE_SIGN_STYLE = Automatic;
				CURRENT_PROJECT_VERSION = 1;
				DEVELOPMENT_TEAM = XG63X4789T;
				GENERATE_INFOPLIST_FILE = YES;
				IPHONEOS_DEPLOYMENT_TARGET = 15.2;
				MARKETING_VERSION = 1.0;
				PRODUCT_BUNDLE_IDENTIFIER = "com.Oliverio.You-Are-AdequateTests";
				PRODUCT_NAME = "$(TARGET_NAME)";
				SWIFT_EMIT_LOC_STRINGS = NO;
				SWIFT_VERSION = 5.0;
				TARGETED_DEVICE_FAMILY = "1,2";
				TEST_HOST = "$(BUILT_PRODUCTS_DIR)/You-Are_Adequate.app/You-Are_Adequate";
			};
			name = Release;
		};
		7EE1712F279CE31F00D62038 /* Debug */ = {
			isa = XCBuildConfiguration;
			buildSettings = {
				ALWAYS_EMBED_SWIFT_STANDARD_LIBRARIES = YES;
				CODE_SIGN_STYLE = Automatic;
				CURRENT_PROJECT_VERSION = 1;
				DEVELOPMENT_TEAM = XG63X4789T;
				GENERATE_INFOPLIST_FILE = YES;
				MARKETING_VERSION = 1.0;
				PRODUCT_BUNDLE_IDENTIFIER = "com.Oliverio.You-Are-AdequateUITests";
				PRODUCT_NAME = "$(TARGET_NAME)";
				SWIFT_EMIT_LOC_STRINGS = NO;
				SWIFT_VERSION = 5.0;
				TARGETED_DEVICE_FAMILY = "1,2";
				TEST_TARGET_NAME = "You-Are_Adequate";
			};
			name = Debug;
		};
		7EE17130279CE31F00D62038 /* Release */ = {
			isa = XCBuildConfiguration;
			buildSettings = {
				ALWAYS_EMBED_SWIFT_STANDARD_LIBRARIES = YES;
				CODE_SIGN_STYLE = Automatic;
				CURRENT_PROJECT_VERSION = 1;
				DEVELOPMENT_TEAM = XG63X4789T;
				GENERATE_INFOPLIST_FILE = YES;
				MARKETING_VERSION = 1.0;
				PRODUCT_BUNDLE_IDENTIFIER = "com.Oliverio.You-Are-AdequateUITests";
				PRODUCT_NAME = "$(TARGET_NAME)";
				SWIFT_EMIT_LOC_STRINGS = NO;
				SWIFT_VERSION = 5.0;
				TARGETED_DEVICE_FAMILY = "1,2";
				TEST_TARGET_NAME = "You-Are_Adequate";
			};
			name = Release;
		};
/* End XCBuildConfiguration section */

/* Begin XCConfigurationList section */
		7EE170F9279CE31C00D62038 /* Build configuration list for PBXProject "You-Are_Adequate" */ = {
			isa = XCConfigurationList;
			buildConfigurations = (
				7EE17126279CE31F00D62038 /* Debug */,
				7EE17127279CE31F00D62038 /* Release */,
			);
			defaultConfigurationIsVisible = 0;
			defaultConfigurationName = Release;
		};
		7EE17128279CE31F00D62038 /* Build configuration list for PBXNativeTarget "You-Are_Adequate" */ = {
			isa = XCConfigurationList;
			buildConfigurations = (
				7EE17129279CE31F00D62038 /* Debug */,
				7EE1712A279CE31F00D62038 /* Release */,
			);
			defaultConfigurationIsVisible = 0;
			defaultConfigurationName = Release;
		};
		7EE1712B279CE31F00D62038 /* Build configuration list for PBXNativeTarget "You-Are_AdequateTests" */ = {
			isa = XCConfigurationList;
			buildConfigurations = (
				7EE1712C279CE31F00D62038 /* Debug */,
				7EE1712D279CE31F00D62038 /* Release */,
			);
			defaultConfigurationIsVisible = 0;
			defaultConfigurationName = Release;
		};
		7EE1712E279CE31F00D62038 /* Build configuration list for PBXNativeTarget "You-Are_AdequateUITests" */ = {
			isa = XCConfigurationList;
			buildConfigurations = (
				7EE1712F279CE31F00D62038 /* Debug */,
				7EE17130279CE31F00D62038 /* Release */,
			);
			defaultConfigurationIsVisible = 0;
			defaultConfigurationName = Release;
		};
/* End XCConfigurationList section */
	};
	rootObject = 7EE170F6279CE31C00D62038 /* Project object */;
}
